// !$*UTF8*$!
{
	archiveVersion = 1;
	classes = {
	};
	objectVersion = 46;
	objects = {

/* Begin PBXBuildFile section */
		C04B39D91F6B39A7007D8693 /* RoundedImage.swift in Sources */ = {isa = PBXBuildFile; fileRef = C04B39D81F6B39A7007D8693 /* RoundedImage.swift */; };
		C0512FE21F6B1E5700A1B428 /* AppDelegate.swift in Sources */ = {isa = PBXBuildFile; fileRef = C0512FE11F6B1E5700A1B428 /* AppDelegate.swift */; };
		C0512FE41F6B1E5700A1B428 /* ViewController.swift in Sources */ = {isa = PBXBuildFile; fileRef = C0512FE31F6B1E5700A1B428 /* ViewController.swift */; };
		C0512FE71F6B1E5700A1B428 /* Main.storyboard in Resources */ = {isa = PBXBuildFile; fileRef = C0512FE51F6B1E5700A1B428 /* Main.storyboard */; };
		C0512FE91F6B1E5700A1B428 /* Assets.xcassets in Resources */ = {isa = PBXBuildFile; fileRef = C0512FE81F6B1E5700A1B428 /* Assets.xcassets */; };
		C0512FEC1F6B1E5700A1B428 /* LaunchScreen.storyboard in Resources */ = {isa = PBXBuildFile; fileRef = C0512FEA1F6B1E5700A1B428 /* LaunchScreen.storyboard */; };
		C0EB92761F6C35F9002D228E /* GradientView.swift in Sources */ = {isa = PBXBuildFile; fileRef = C0EB92751F6C35F9002D228E /* GradientView.swift */; };
		C0EB92781F6C5F89002D228E /* ShadowView.swift in Sources */ = {isa = PBXBuildFile; fileRef = C0EB92771F6C5F89002D228E /* ShadowView.swift */; };
		C0EB927A1F6C6863002D228E /* CircleView.swift in Sources */ = {isa = PBXBuildFile; fileRef = C0EB92791F6C6863002D228E /* CircleView.swift */; };
		C0EB927C1F6C7406002D228E /* RoundedButton.swift in Sources */ = {isa = PBXBuildFile; fileRef = C0EB927B1F6C7406002D228E /* RoundedButton.swift */; };
		D24150A6419D6F99D766BE02 /* Pods_Dr_Cabby.framework in Frameworks */ = {isa = PBXBuildFile; fileRef = E74A630CA32D1C6B823F8244 /* Pods_Dr_Cabby.framework */; };
/* End PBXBuildFile section */

/* Begin PBXFileReference section */
		270AD3FE78E40210877CC4C4 /* Pods-Dr-Cabby.debug.xcconfig */ = {isa = PBXFileReference; includeInIndex = 1; lastKnownFileType = text.xcconfig; name = "Pods-Dr-Cabby.debug.xcconfig"; path = "Pods/Target Support Files/Pods-Dr-Cabby/Pods-Dr-Cabby.debug.xcconfig"; sourceTree = "<group>"; };
		6B51BCD4FB0E9395B068C5B4 /* Pods-Dr-Cabby.release.xcconfig */ = {isa = PBXFileReference; includeInIndex = 1; lastKnownFileType = text.xcconfig; name = "Pods-Dr-Cabby.release.xcconfig"; path = "Pods/Target Support Files/Pods-Dr-Cabby/Pods-Dr-Cabby.release.xcconfig"; sourceTree = "<group>"; };
		C04B39D81F6B39A7007D8693 /* RoundedImage.swift */ = {isa = PBXFileReference; fileEncoding = 4; lastKnownFileType = sourcecode.swift; path = RoundedImage.swift; sourceTree = "<group>"; };
		C0512FDE1F6B1E5700A1B428 /* Dr-Cabby.app */ = {isa = PBXFileReference; explicitFileType = wrapper.application; includeInIndex = 0; path = "Dr-Cabby.app"; sourceTree = BUILT_PRODUCTS_DIR; };
		C0512FE11F6B1E5700A1B428 /* AppDelegate.swift */ = {isa = PBXFileReference; lastKnownFileType = sourcecode.swift; path = AppDelegate.swift; sourceTree = "<group>"; };
		C0512FE31F6B1E5700A1B428 /* ViewController.swift */ = {isa = PBXFileReference; lastKnownFileType = sourcecode.swift; path = ViewController.swift; sourceTree = "<group>"; };
		C0512FE61F6B1E5700A1B428 /* Base */ = {isa = PBXFileReference; lastKnownFileType = file.storyboard; name = Base; path = Base.lproj/Main.storyboard; sourceTree = "<group>"; };
		C0512FE81F6B1E5700A1B428 /* Assets.xcassets */ = {isa = PBXFileReference; lastKnownFileType = folder.assetcatalog; path = Assets.xcassets; sourceTree = "<group>"; };
		C0512FEB1F6B1E5700A1B428 /* Base */ = {isa = PBXFileReference; lastKnownFileType = file.storyboard; name = Base; path = Base.lproj/LaunchScreen.storyboard; sourceTree = "<group>"; };
		C0512FED1F6B1E5700A1B428 /* Info.plist */ = {isa = PBXFileReference; lastKnownFileType = text.plist.xml; path = Info.plist; sourceTree = "<group>"; };
		C0EB92751F6C35F9002D228E /* GradientView.swift */ = {isa = PBXFileReference; fileEncoding = 4; lastKnownFileType = sourcecode.swift; path = GradientView.swift; sourceTree = "<group>"; };
		C0EB92771F6C5F89002D228E /* ShadowView.swift */ = {isa = PBXFileReference; fileEncoding = 4; lastKnownFileType = sourcecode.swift; path = ShadowView.swift; sourceTree = "<group>"; };
		C0EB92791F6C6863002D228E /* CircleView.swift */ = {isa = PBXFileReference; fileEncoding = 4; lastKnownFileType = sourcecode.swift; path = CircleView.swift; sourceTree = "<group>"; };
		C0EB927B1F6C7406002D228E /* RoundedButton.swift */ = {isa = PBXFileReference; fileEncoding = 4; lastKnownFileType = sourcecode.swift; path = RoundedButton.swift; sourceTree = "<group>"; };
		E74A630CA32D1C6B823F8244 /* Pods_Dr_Cabby.framework */ = {isa = PBXFileReference; explicitFileType = wrapper.framework; includeInIndex = 0; path = Pods_Dr_Cabby.framework; sourceTree = BUILT_PRODUCTS_DIR; };
/* End PBXFileReference section */

/* Begin PBXFrameworksBuildPhase section */
		C0512FDB1F6B1E5700A1B428 /* Frameworks */ = {
			isa = PBXFrameworksBuildPhase;
			buildActionMask = 2147483647;
			files = (
				D24150A6419D6F99D766BE02 /* Pods_Dr_Cabby.framework in Frameworks */,
			);
			runOnlyForDeploymentPostprocessing = 0;
		};
/* End PBXFrameworksBuildPhase section */

/* Begin PBXGroup section */
		6ACC53C72A7FCF03F7F34E35 /* Pods */ = {
			isa = PBXGroup;
			children = (
				270AD3FE78E40210877CC4C4 /* Pods-Dr-Cabby.debug.xcconfig */,
				6B51BCD4FB0E9395B068C5B4 /* Pods-Dr-Cabby.release.xcconfig */,
			);
			name = Pods;
			sourceTree = "<group>";
		};
		C04B39D41F6B3969007D8693 /* View */ = {
			isa = PBXGroup;
			children = (
				C04B39D81F6B39A7007D8693 /* RoundedImage.swift */,
				C0EB92751F6C35F9002D228E /* GradientView.swift */,
				C0EB92771F6C5F89002D228E /* ShadowView.swift */,
				C0EB92791F6C6863002D228E /* CircleView.swift */,
				C0EB927B1F6C7406002D228E /* RoundedButton.swift */,
			);
			name = View;
			sourceTree = "<group>";
		};
		C04B39D51F6B3970007D8693 /* Model */ = {
			isa = PBXGroup;
			children = (
			);
			name = Model;
			sourceTree = "<group>";
		};
		C04B39D61F6B3979007D8693 /* Constant */ = {
			isa = PBXGroup;
			children = (
			);
			name = Constant;
			sourceTree = "<group>";
		};
		C04B39D71F6B3980007D8693 /* Utilities */ = {
			isa = PBXGroup;
			children = (
			);
			name = Utilities;
			sourceTree = "<group>";
		};
		C0512FD51F6B1E5700A1B428 = {
			isa = PBXGroup;
			children = (
				C0512FE01F6B1E5700A1B428 /* Dr-Cabby */,
				C0512FDF1F6B1E5700A1B428 /* Products */,
				6ACC53C72A7FCF03F7F34E35 /* Pods */,
				C340BEAE202BC955A079ADC8 /* Frameworks */,
			);
			sourceTree = "<group>";
		};
		C0512FDF1F6B1E5700A1B428 /* Products */ = {
			isa = PBXGroup;
			children = (
				C0512FDE1F6B1E5700A1B428 /* Dr-Cabby.app */,
			);
			name = Products;
			sourceTree = "<group>";
		};
		C0512FE01F6B1E5700A1B428 /* Dr-Cabby */ = {
			isa = PBXGroup;
			children = (
				C04B39D71F6B3980007D8693 /* Utilities */,
				C04B39D61F6B3979007D8693 /* Constant */,
				C04B39D51F6B3970007D8693 /* Model */,
				C04B39D41F6B3969007D8693 /* View */,
				C0512FF31F6B1E6300A1B428 /* Controller */,
				C0512FE11F6B1E5700A1B428 /* AppDelegate.swift */,
				C0512FE31F6B1E5700A1B428 /* ViewController.swift */,
				C0512FE51F6B1E5700A1B428 /* Main.storyboard */,
				C0512FE81F6B1E5700A1B428 /* Assets.xcassets */,
				C0512FEA1F6B1E5700A1B428 /* LaunchScreen.storyboard */,
				C0512FED1F6B1E5700A1B428 /* Info.plist */,
			);
			path = "Dr-Cabby";
			sourceTree = "<group>";
		};
		C0512FF31F6B1E6300A1B428 /* Controller */ = {
			isa = PBXGroup;
			children = (
			);
			name = Controller;
			sourceTree = "<group>";
		};
		C340BEAE202BC955A079ADC8 /* Frameworks */ = {
			isa = PBXGroup;
			children = (
				E74A630CA32D1C6B823F8244 /* Pods_Dr_Cabby.framework */,
			);
			name = Frameworks;
			sourceTree = "<group>";
		};
/* End PBXGroup section */

/* Begin PBXNativeTarget section */
		C0512FDD1F6B1E5700A1B428 /* Dr-Cabby */ = {
			isa = PBXNativeTarget;
			buildConfigurationList = C0512FF01F6B1E5700A1B428 /* Build configuration list for PBXNativeTarget "Dr-Cabby" */;
			buildPhases = (
				0AE1B43AAE1EEEFE158E2F97 /* [CP] Check Pods Manifest.lock */,
				C0512FDA1F6B1E5700A1B428 /* Sources */,
				C0512FDB1F6B1E5700A1B428 /* Frameworks */,
				C0512FDC1F6B1E5700A1B428 /* Resources */,
				1A79CB4DEF8E3E297FBCBBAE /* [CP] Embed Pods Frameworks */,
				49388EC87850C38943BC1E2F /* [CP] Copy Pods Resources */,
			);
			buildRules = (
			);
			dependencies = (
			);
			name = "Dr-Cabby";
			productName = "Dr-Cabby";
			productReference = C0512FDE1F6B1E5700A1B428 /* Dr-Cabby.app */;
			productType = "com.apple.product-type.application";
		};
/* End PBXNativeTarget section */

/* Begin PBXProject section */
		C0512FD61F6B1E5700A1B428 /* Project object */ = {
			isa = PBXProject;
			attributes = {
				LastSwiftUpdateCheck = 0830;
				LastUpgradeCheck = 0830;
				ORGANIZATIONNAME = virajupadhyay;
				TargetAttributes = {
					C0512FDD1F6B1E5700A1B428 = {
						CreatedOnToolsVersion = 8.3.3;
						DevelopmentTeam = 9EZ6Z8S349;
						ProvisioningStyle = Automatic;
					};
				};
			};
			buildConfigurationList = C0512FD91F6B1E5700A1B428 /* Build configuration list for PBXProject "Dr-Cabby" */;
			compatibilityVersion = "Xcode 3.2";
			developmentRegion = English;
			hasScannedForEncodings = 0;
			knownRegions = (
				en,
				Base,
			);
			mainGroup = C0512FD51F6B1E5700A1B428;
			productRefGroup = C0512FDF1F6B1E5700A1B428 /* Products */;
			projectDirPath = "";
			projectRoot = "";
			targets = (
				C0512FDD1F6B1E5700A1B428 /* Dr-Cabby */,
			);
		};
/* End PBXProject section */

/* Begin PBXResourcesBuildPhase section */
		C0512FDC1F6B1E5700A1B428 /* Resources */ = {
			isa = PBXResourcesBuildPhase;
			buildActionMask = 2147483647;
			files = (
				C0512FEC1F6B1E5700A1B428 /* LaunchScreen.storyboard in Resources */,
				C0512FE91F6B1E5700A1B428 /* Assets.xcassets in Resources */,
				C0512FE71F6B1E5700A1B428 /* Main.storyboard in Resources */,
			);
			runOnlyForDeploymentPostprocessing = 0;
		};
/* End PBXResourcesBuildPhase section */

/* Begin PBXShellScriptBuildPhase section */
		0AE1B43AAE1EEEFE158E2F97 /* [CP] Check Pods Manifest.lock */ = {
			isa = PBXShellScriptBuildPhase;
			buildActionMask = 2147483647;
			files = (
			);
			inputPaths = (
			);
			name = "[CP] Check Pods Manifest.lock";
			outputPaths = (
			);
			runOnlyForDeploymentPostprocessing = 0;
			shellPath = /bin/sh;
			shellScript = "diff \"${PODS_ROOT}/../Podfile.lock\" \"${PODS_ROOT}/Manifest.lock\" > /dev/null\nif [ $? != 0 ] ; then\n    # print error to STDERR\n    echo \"error: The sandbox is not in sync with the Podfile.lock. Run 'pod install' or update your CocoaPods installation.\" >&2\n    exit 1\nfi\n";
			showEnvVarsInLog = 0;
		};
		1A79CB4DEF8E3E297FBCBBAE /* [CP] Embed Pods Frameworks */ = {
			isa = PBXShellScriptBuildPhase;
			buildActionMask = 2147483647;
			files = (
			);
			inputPaths = (
			);
			name = "[CP] Embed Pods Frameworks";
			outputPaths = (
			);
			runOnlyForDeploymentPostprocessing = 0;
			shellPath = /bin/sh;
			shellScript = "\"${SRCROOT}/Pods/Target Support Files/Pods-Dr-Cabby/Pods-Dr-Cabby-frameworks.sh\"\n";
			showEnvVarsInLog = 0;
		};
		49388EC87850C38943BC1E2F /* [CP] Copy Pods Resources */ = {
			isa = PBXShellScriptBuildPhase;
			buildActionMask = 2147483647;
			files = (
			);
			inputPaths = (
			);
			name = "[CP] Copy Pods Resources";
			outputPaths = (
			);
			runOnlyForDeploymentPostprocessing = 0;
			shellPath = /bin/sh;
			shellScript = "\"${SRCROOT}/Pods/Target Support Files/Pods-Dr-Cabby/Pods-Dr-Cabby-resources.sh\"\n";
			showEnvVarsInLog = 0;
		};
/* End PBXShellScriptBuildPhase section */

/* Begin PBXSourcesBuildPhase section */
		C0512FDA1F6B1E5700A1B428 /* Sources */ = {
			isa = PBXSourcesBuildPhase;
			buildActionMask = 2147483647;
			files = (
				C0EB927A1F6C6863002D228E /* CircleView.swift in Sources */,
				C04B39D91F6B39A7007D8693 /* RoundedImage.swift in Sources */,
				C0512FE41F6B1E5700A1B428 /* ViewController.swift in Sources */,
				C0EB92761F6C35F9002D228E /* GradientView.swift in Sources */,
				C0EB927C1F6C7406002D228E /* RoundedButton.swift in Sources */,
				C0512FE21F6B1E5700A1B428 /* AppDelegate.swift in Sources */,
				C0EB92781F6C5F89002D228E /* ShadowView.swift in Sources */,
			);
			runOnlyForDeploymentPostprocessing = 0;
		};
/* End PBXSourcesBuildPhase section */

/* Begin PBXVariantGroup section */
		C0512FE51F6B1E5700A1B428 /* Main.storyboard */ = {
			isa = PBXVariantGroup;
			children = (
				C0512FE61F6B1E5700A1B428 /* Base */,
			);
			name = Main.storyboard;
			sourceTree = "<group>";
		};
		C0512FEA1F6B1E5700A1B428 /* LaunchScreen.storyboard */ = {
			isa = PBXVariantGroup;
			children = (
				C0512FEB1F6B1E5700A1B428 /* Base */,
			);
			name = LaunchScreen.storyboard;
			sourceTree = "<group>";
		};
/* End PBXVariantGroup section */

/* Begin XCBuildConfiguration section */
		C0512FEE1F6B1E5700A1B428 /* Debug */ = {
			isa = XCBuildConfiguration;
			buildSettings = {
				ALWAYS_SEARCH_USER_PATHS = NO;
				CLANG_ANALYZER_NONNULL = YES;
				CLANG_ANALYZER_NUMBER_OBJECT_CONVERSION = YES_AGGRESSIVE;
				CLANG_CXX_LANGUAGE_STANDARD = "gnu++0x";
				CLANG_CXX_LIBRARY = "libc++";
				CLANG_ENABLE_MODULES = YES;
				CLANG_ENABLE_OBJC_ARC = YES;
				CLANG_WARN_BOOL_CONVERSION = YES;
				CLANG_WARN_CONSTANT_CONVERSION = YES;
				CLANG_WARN_DIRECT_OBJC_ISA_USAGE = YES_ERROR;
				CLANG_WARN_DOCUMENTATION_COMMENTS = YES;
				CLANG_WARN_EMPTY_BODY = YES;
				CLANG_WARN_ENUM_CONVERSION = YES;
				CLANG_WARN_INFINITE_RECURSION = YES;
				CLANG_WARN_INT_CONVERSION = YES;
				CLANG_WARN_OBJC_ROOT_CLASS = YES_ERROR;
				CLANG_WARN_SUSPICIOUS_MOVE = YES;
				CLANG_WARN_UNREACHABLE_CODE = YES;
				CLANG_WARN__DUPLICATE_METHOD_MATCH = YES;
				"CODE_SIGN_IDENTITY[sdk=iphoneos*]" = "iPhone Developer";
				COPY_PHASE_STRIP = NO;
				DEBUG_INFORMATION_FORMAT = dwarf;
				ENABLE_STRICT_OBJC_MSGSEND = YES;
				ENABLE_TESTABILITY = YES;
				GCC_C_LANGUAGE_STANDARD = gnu99;
				GCC_DYNAMIC_NO_PIC = NO;
				GCC_NO_COMMON_BLOCKS = YES;
				GCC_OPTIMIZATION_LEVEL = 0;
				GCC_PREPROCESSOR_DEFINITIONS = (
					"DEBUG=1",
					"$(inherited)",
				);
				GCC_WARN_64_TO_32_BIT_CONVERSION = YES;
				GCC_WARN_ABOUT_RETURN_TYPE = YES_ERROR;
				GCC_WARN_UNDECLARED_SELECTOR = YES;
				GCC_WARN_UNINITIALIZED_AUTOS = YES_AGGRESSIVE;
				GCC_WARN_UNUSED_FUNCTION = YES;
				GCC_WARN_UNUSED_VARIABLE = YES;
				IPHONEOS_DEPLOYMENT_TARGET = 10.3;
				MTL_ENABLE_DEBUG_INFO = YES;
				ONLY_ACTIVE_ARCH = YES;
				SDKROOT = iphoneos;
				SWIFT_ACTIVE_COMPILATION_CONDITIONS = DEBUG;
				SWIFT_OPTIMIZATION_LEVEL = "-Onone";
				TARGETED_DEVICE_FAMILY = "1,2";
			};
			name = Debug;
		};
		C0512FEF1F6B1E5700A1B428 /* Release */ = {
			isa = XCBuildConfiguration;
			buildSettings = {
				ALWAYS_SEARCH_USER_PATHS = NO;
				CLANG_ANALYZER_NONNULL = YES;
				CLANG_ANALYZER_NUMBER_OBJECT_CONVERSION = YES_AGGRESSIVE;
				CLANG_CXX_LANGUAGE_STANDARD = "gnu++0x";
				CLANG_CXX_LIBRARY = "libc++";
				CLANG_ENABLE_MODULES = YES;
				CLANG_ENABLE_OBJC_ARC = YES;
				CLANG_WARN_BOOL_CONVERSION = YES;
				CLANG_WARN_CONSTANT_CONVERSION = YES;
				CLANG_WARN_DIRECT_OBJC_ISA_USAGE = YES_ERROR;
				CLANG_WARN_DOCUMENTATION_COMMENTS = YES;
				CLANG_WARN_EMPTY_BODY = YES;
				CLANG_WARN_ENUM_CONVERSION = YES;
				CLANG_WARN_INFINITE_RECURSION = YES;
				CLANG_WARN_INT_CONVERSION = YES;
				CLANG_WARN_OBJC_ROOT_CLASS = YES_ERROR;
				CLANG_WARN_SUSPICIOUS_MOVE = YES;
				CLANG_WARN_UNREACHABLE_CODE = YES;
				CLANG_WARN__DUPLICATE_METHOD_MATCH = YES;
				"CODE_SIGN_IDENTITY[sdk=iphoneos*]" = "iPhone Developer";
				COPY_PHASE_STRIP = NO;
				DEBUG_INFORMATION_FORMAT = "dwarf-with-dsym";
				ENABLE_NS_ASSERTIONS = NO;
				ENABLE_STRICT_OBJC_MSGSEND = YES;
				GCC_C_LANGUAGE_STANDARD = gnu99;
				GCC_NO_COMMON_BLOCKS = YES;
				GCC_WARN_64_TO_32_BIT_CONVERSION = YES;
				GCC_WARN_ABOUT_RETURN_TYPE = YES_ERROR;
				GCC_WARN_UNDECLARED_SELECTOR = YES;
				GCC_WARN_UNINITIALIZED_AUTOS = YES_AGGRESSIVE;
				GCC_WARN_UNUSED_FUNCTION = YES;
				GCC_WARN_UNUSED_VARIABLE = YES;
				IPHONEOS_DEPLOYMENT_TARGET = 10.3;
				MTL_ENABLE_DEBUG_INFO = NO;
				SDKROOT = iphoneos;
				SWIFT_OPTIMIZATION_LEVEL = "-Owholemodule";
				TARGETED_DEVICE_FAMILY = "1,2";
				VALIDATE_PRODUCT = YES;
			};
			name = Release;
		};
		C0512FF11F6B1E5700A1B428 /* Debug */ = {
			isa = XCBuildConfiguration;
			baseConfigurationReference = 270AD3FE78E40210877CC4C4 /* Pods-Dr-Cabby.debug.xcconfig */;
			buildSettings = {
				ASSETCATALOG_COMPILER_APPICON_NAME = AppIcon;
				DEVELOPMENT_TEAM = 9EZ6Z8S349;
				INFOPLIST_FILE = "Dr-Cabby/Info.plist";
				LD_RUNPATH_SEARCH_PATHS = "$(inherited) @executable_path/Frameworks";
				PRODUCT_BUNDLE_IDENTIFIER = "com.virajupadhyay.Dr-Cabby";
				PRODUCT_NAME = "$(TARGET_NAME)";
				SWIFT_VERSION = 3.0;
			};
			name = Debug;
		};
		C0512FF21F6B1E5700A1B428 /* Release */ = {
			isa = XCBuildConfiguration;
			baseConfigurationReference = 6B51BCD4FB0E9395B068C5B4 /* Pods-Dr-Cabby.release.xcconfig */;
			buildSettings = {
				ASSETCATALOG_COMPILER_APPICON_NAME = AppIcon;
				DEVELOPMENT_TEAM = 9EZ6Z8S349;
				INFOPLIST_FILE = "Dr-Cabby/Info.plist";
				LD_RUNPATH_SEARCH_PATHS = "$(inherited) @executable_path/Frameworks";
				PRODUCT_BUNDLE_IDENTIFIER = "com.virajupadhyay.Dr-Cabby";
				PRODUCT_NAME = "$(TARGET_NAME)";
				SWIFT_VERSION = 3.0;
			};
			name = Release;
		};
/* End XCBuildConfiguration section */

/* Begin XCConfigurationList section */
		C0512FD91F6B1E5700A1B428 /* Build configuration list for PBXProject "Dr-Cabby" */ = {
			isa = XCConfigurationList;
			buildConfigurations = (
				C0512FEE1F6B1E5700A1B428 /* Debug */,
				C0512FEF1F6B1E5700A1B428 /* Release */,
			);
			defaultConfigurationIsVisible = 0;
			defaultConfigurationName = Release;
		};
		C0512FF01F6B1E5700A1B428 /* Build configuration list for PBXNativeTarget "Dr-Cabby" */ = {
			isa = XCConfigurationList;
			buildConfigurations = (
				C0512FF11F6B1E5700A1B428 /* Debug */,
				C0512FF21F6B1E5700A1B428 /* Release */,
			);
			defaultConfigurationIsVisible = 0;
			defaultConfigurationName = Release;
		};
/* End XCConfigurationList section */
	};
	rootObject = C0512FD61F6B1E5700A1B428 /* Project object */;
}
